
Microsoft Visual Studio Solution File, Format Version 12.00
# Visual Studio 15
VisualStudioVersion = 15.0.28010.2016
MinimumVisualStudioVersion = 10.0.40219.1
Project("{FAE04EC0-301F-11D3-BF4B-00C04F79EFBC}") = "AmericaService", "AmericanService\AmericaService.csproj", "{AB32AB0C-536E-4521-A389-ED735CAD1DE5}"
EndProject
Project("{FAE04EC0-301F-11D3-BF4B-00C04F79EFBC}") = "AmericanService.Tests", "AmericanService.Tests\AmericanService.Tests.csproj", "{62CB57A2-592A-4301-9CC1-541BBFFBD531}"
EndProject
Global
	GlobalSection(SolutionConfigurationPlatforms) = preSolution
		Debug|Any CPU = Debug|Any CPU
		Release|Any CPU = Release|Any CPU
	EndGlobalSection
	GlobalSection(ProjectConfigurationPlatforms) = postSolution
		{AB32AB0C-536E-4521-A389-ED735CAD1DE5}.Debug|Any CPU.ActiveCfg = Debug|Any CPU
		{AB32AB0C-536E-4521-A389-ED735CAD1DE5}.Debug|Any CPU.Build.0 = Debug|Any CPU
		{AB32AB0C-536E-4521-A389-ED735CAD1DE5}.Release|Any CPU.ActiveCfg = Release|Any CPU
		{AB32AB0C-536E-4521-A389-ED735CAD1DE5}.Release|Any CPU.Build.0 = Release|Any CPU
		{62CB57A2-592A-4301-9CC1-541BBFFBD531}.Debug|Any CPU.ActiveCfg = Debug|Any CPU
		{62CB57A2-592A-4301-9CC1-541BBFFBD531}.Debug|Any CPU.Build.0 = Debug|Any CPU
		{62CB57A2-592A-4301-9CC1-541BBFFBD531}.Release|Any CPU.ActiveCfg = Release|Any CPU
		{62CB57A2-592A-4301-9CC1-541BBFFBD531}.Release|Any CPU.Build.0 = Release|Any CPU
	EndGlobalSection
	GlobalSection(SolutionProperties) = preSolution
		HideSolutionNode = FALSE
	EndGlobalSection
	GlobalSection(ExtensibilityGlobals) = postSolution
		SolutionGuid = {D6D7A553-E143-4CA2-81DD-E33B05554618}
	EndGlobalSection
EndGlobal
